
Microsoft Visual Studio Solution File, Format Version 12.00
# Visual Studio 15
VisualStudioVersion = 15.0.28010.2036
MinimumVisualStudioVersion = 10.0.40219.1
Project("{FAE04EC0-301F-11D3-BF4B-00C04F79EFBC}") = "MovieRatingAssignment", "MovieRatingAssignment\MovieRatingAssignment.csproj", "{864A0DD2-6B2C-4C91-BA22-2DEE14432E17}"
EndProject
Global
	GlobalSection(SolutionConfigurationPlatforms) = preSolution
		Debug|Any CPU = Debug|Any CPU
		Release|Any CPU = Release|Any CPU
	EndGlobalSection
	GlobalSection(ProjectConfigurationPlatforms) = postSolution
		{864A0DD2-6B2C-4C91-BA22-2DEE14432E17}.Debug|Any CPU.ActiveCfg = Debug|Any CPU
		{864A0DD2-6B2C-4C91-BA22-2DEE14432E17}.Debug|Any CPU.Build.0 = Debug|Any CPU
		{864A0DD2-6B2C-4C91-BA22-2DEE14432E17}.Release|Any CPU.ActiveCfg = Release|Any CPU
		{864A0DD2-6B2C-4C91-BA22-2DEE14432E17}.Release|Any CPU.Build.0 = Release|Any CPU
	EndGlobalSection
	GlobalSection(SolutionProperties) = preSolution
		HideSolutionNode = FALSE
	EndGlobalSection
	GlobalSection(ExtensibilityGlobals) = postSolution
		SolutionGuid = {49488219-2A5D-4CEF-BC38-1341C46BFDA5}
	EndGlobalSection
EndGlobal
